// !$*UTF8*$!
{
	archiveVersion = 1;
	classes = {
	};
	objectVersion = 52;
	objects = {

/* Begin PBXBuildFile section */
		CE3E41C82354D9D000BEB394 /* VTPhotoViewController.swift in Sources */ = {isa = PBXBuildFile; fileRef = CE3E41C72354D9D000BEB394 /* VTPhotoViewController.swift */; };
		CE3E41CD2354DEFB00BEB394 /* VTClient.swift in Sources */ = {isa = PBXBuildFile; fileRef = CE3E41CC2354DEFB00BEB394 /* VTClient.swift */; };
		CE3E41CF2354DFD500BEB394 /* VTResult.swift in Sources */ = {isa = PBXBuildFile; fileRef = CE3E41CE2354DFD500BEB394 /* VTResult.swift */; };
		CE3E41D12354E11300BEB394 /* PhotosResponse.swift in Sources */ = {isa = PBXBuildFile; fileRef = CE3E41D02354E11300BEB394 /* PhotosResponse.swift */; };
		CE3E41D42354ED2500BEB394 /* Kingfisher in Frameworks */ = {isa = PBXBuildFile; productRef = CE3E41D32354ED2500BEB394 /* Kingfisher */; };
		CE3E41D82354F74600BEB394 /* PhotoCollectionViewCell.swift in Sources */ = {isa = PBXBuildFile; fileRef = CE3E41D72354F74600BEB394 /* PhotoCollectionViewCell.swift */; };
		CE550F6923511F1C0083E575 /* Secrets.swift in Sources */ = {isa = PBXBuildFile; fileRef = CE550F6823511F1C0083E575 /* Secrets.swift */; };
		CE550F6B2354BD9C0083E575 /* DataController.swift in Sources */ = {isa = PBXBuildFile; fileRef = CE550F6A2354BD9C0083E575 /* DataController.swift */; };
		CECCCE6023511051000D820F /* AppDelegate.swift in Sources */ = {isa = PBXBuildFile; fileRef = CECCCE5F23511051000D820F /* AppDelegate.swift */; };
		CECCCE6223511051000D820F /* SceneDelegate.swift in Sources */ = {isa = PBXBuildFile; fileRef = CECCCE6123511051000D820F /* SceneDelegate.swift */; };
		CECCCE6423511051000D820F /* VTMapViewController.swift in Sources */ = {isa = PBXBuildFile; fileRef = CECCCE6323511051000D820F /* VTMapViewController.swift */; };
		CECCCE6723511051000D820F /* Main.storyboard in Resources */ = {isa = PBXBuildFile; fileRef = CECCCE6523511051000D820F /* Main.storyboard */; };
		CECCCE6A23511051000D820F /* Virtual_Tourist.xcdatamodeld in Sources */ = {isa = PBXBuildFile; fileRef = CECCCE6823511051000D820F /* Virtual_Tourist.xcdatamodeld */; };
		CECCCE6C23511053000D820F /* Assets.xcassets in Resources */ = {isa = PBXBuildFile; fileRef = CECCCE6B23511053000D820F /* Assets.xcassets */; };
		CECCCE6F23511053000D820F /* LaunchScreen.storyboard in Resources */ = {isa = PBXBuildFile; fileRef = CECCCE6D23511053000D820F /* LaunchScreen.storyboard */; };
/* End PBXBuildFile section */

/* Begin PBXFileReference section */
		CE3E41C72354D9D000BEB394 /* VTPhotoViewController.swift */ = {isa = PBXFileReference; lastKnownFileType = sourcecode.swift; path = VTPhotoViewController.swift; sourceTree = "<group>"; };
		CE3E41CC2354DEFB00BEB394 /* VTClient.swift */ = {isa = PBXFileReference; lastKnownFileType = sourcecode.swift; path = VTClient.swift; sourceTree = "<group>"; };
		CE3E41CE2354DFD500BEB394 /* VTResult.swift */ = {isa = PBXFileReference; lastKnownFileType = sourcecode.swift; path = VTResult.swift; sourceTree = "<group>"; };
		CE3E41D02354E11300BEB394 /* PhotosResponse.swift */ = {isa = PBXFileReference; lastKnownFileType = sourcecode.swift; path = PhotosResponse.swift; sourceTree = "<group>"; };
		CE3E41D72354F74600BEB394 /* PhotoCollectionViewCell.swift */ = {isa = PBXFileReference; lastKnownFileType = sourcecode.swift; path = PhotoCollectionViewCell.swift; sourceTree = "<group>"; };
		CE550F6823511F1C0083E575 /* Secrets.swift */ = {isa = PBXFileReference; lastKnownFileType = sourcecode.swift; path = Secrets.swift; sourceTree = "<group>"; };
		CE550F6A2354BD9C0083E575 /* DataController.swift */ = {isa = PBXFileReference; lastKnownFileType = sourcecode.swift; path = DataController.swift; sourceTree = "<group>"; };
		CECCCE5C23511051000D820F /* Virtual Tourist.app */ = {isa = PBXFileReference; explicitFileType = wrapper.application; includeInIndex = 0; path = "Virtual Tourist.app"; sourceTree = BUILT_PRODUCTS_DIR; };
		CECCCE5F23511051000D820F /* AppDelegate.swift */ = {isa = PBXFileReference; lastKnownFileType = sourcecode.swift; path = AppDelegate.swift; sourceTree = "<group>"; };
		CECCCE6123511051000D820F /* SceneDelegate.swift */ = {isa = PBXFileReference; lastKnownFileType = sourcecode.swift; path = SceneDelegate.swift; sourceTree = "<group>"; };
		CECCCE6323511051000D820F /* VTMapViewController.swift */ = {isa = PBXFileReference; lastKnownFileType = sourcecode.swift; path = VTMapViewController.swift; sourceTree = "<group>"; };
		CECCCE6623511051000D820F /* Base */ = {isa = PBXFileReference; lastKnownFileType = file.storyboard; name = Base; path = Base.lproj/Main.storyboard; sourceTree = "<group>"; };
		CECCCE6923511051000D820F /* Virtual_Tourist.xcdatamodel */ = {isa = PBXFileReference; lastKnownFileType = wrapper.xcdatamodel; path = Virtual_Tourist.xcdatamodel; sourceTree = "<group>"; };
		CECCCE6B23511053000D820F /* Assets.xcassets */ = {isa = PBXFileReference; lastKnownFileType = folder.assetcatalog; path = Assets.xcassets; sourceTree = "<group>"; };
		CECCCE6E23511053000D820F /* Base */ = {isa = PBXFileReference; lastKnownFileType = file.storyboard; name = Base; path = Base.lproj/LaunchScreen.storyboard; sourceTree = "<group>"; };
		CECCCE7023511053000D820F /* Info.plist */ = {isa = PBXFileReference; lastKnownFileType = text.plist.xml; path = Info.plist; sourceTree = "<group>"; };
/* End PBXFileReference section */

/* Begin PBXFrameworksBuildPhase section */
		CECCCE5923511051000D820F /* Frameworks */ = {
			isa = PBXFrameworksBuildPhase;
			buildActionMask = 2147483647;
			files = (
				CE3E41D42354ED2500BEB394 /* Kingfisher in Frameworks */,
			);
			runOnlyForDeploymentPostprocessing = 0;
		};
/* End PBXFrameworksBuildPhase section */

/* Begin PBXGroup section */
		CE3E41C92354DE9800BEB394 /* ViewControllers */ = {
			isa = PBXGroup;
			children = (
				CECCCE6323511051000D820F /* VTMapViewController.swift */,
				CE3E41C72354D9D000BEB394 /* VTPhotoViewController.swift */,
			);
			path = ViewControllers;
			sourceTree = "<group>";
		};
		CE3E41CA2354DEB200BEB394 /* Storyboards */ = {
			isa = PBXGroup;
			children = (
				CECCCE6D23511053000D820F /* LaunchScreen.storyboard */,
				CECCCE6523511051000D820F /* Main.storyboard */,
			);
			path = Storyboards;
			sourceTree = "<group>";
		};
		CE3E41CB2354DED800BEB394 /* Model */ = {
			isa = PBXGroup;
			children = (
				CE550F6A2354BD9C0083E575 /* DataController.swift */,
				CECCCE6823511051000D820F /* Virtual_Tourist.xcdatamodeld */,
				CE3E41CC2354DEFB00BEB394 /* VTClient.swift */,
				CE3E41CE2354DFD500BEB394 /* VTResult.swift */,
				CE3E41D02354E11300BEB394 /* PhotosResponse.swift */,
			);
			path = Model;
			sourceTree = "<group>";
		};
		CECCCE5323511051000D820F = {
			isa = PBXGroup;
			children = (
				CECCCE5E23511051000D820F /* Virtual Tourist */,
				CECCCE5D23511051000D820F /* Products */,
			);
			sourceTree = "<group>";
		};
		CECCCE5D23511051000D820F /* Products */ = {
			isa = PBXGroup;
			children = (
				CECCCE5C23511051000D820F /* Virtual Tourist.app */,
			);
			name = Products;
			sourceTree = "<group>";
		};
		CECCCE5E23511051000D820F /* Virtual Tourist */ = {
			isa = PBXGroup;
			children = (
				CECCCE5F23511051000D820F /* AppDelegate.swift */,
				CECCCE6B23511053000D820F /* Assets.xcassets */,
				CE3E41CB2354DED800BEB394 /* Model */,
				CECCCE7023511053000D820F /* Info.plist */,
				CE3E41CA2354DEB200BEB394 /* Storyboards */,
				CECCCE6123511051000D820F /* SceneDelegate.swift */,
				CE550F6823511F1C0083E575 /* Secrets.swift */,
				CE3E41C92354DE9800BEB394 /* ViewControllers */,
				CE3E41D72354F74600BEB394 /* PhotoCollectionViewCell.swift */,
			);
			path = "Virtual Tourist";
			sourceTree = "<group>";
		};
/* End PBXGroup section */

/* Begin PBXNativeTarget section */
		CECCCE5B23511051000D820F /* Virtual Tourist */ = {
			isa = PBXNativeTarget;
			buildConfigurationList = CECCCE7323511053000D820F /* Build configuration list for PBXNativeTarget "Virtual Tourist" */;
			buildPhases = (
				CECCCE5823511051000D820F /* Sources */,
				CECCCE5923511051000D820F /* Frameworks */,
				CECCCE5A23511051000D820F /* Resources */,
			);
			buildRules = (
			);
			dependencies = (
			);
			name = "Virtual Tourist";
			packageProductDependencies = (
				CE3E41D32354ED2500BEB394 /* Kingfisher */,
			);
			productName = "Virtual Tourist";
			productReference = CECCCE5C23511051000D820F /* Virtual Tourist.app */;
			productType = "com.apple.product-type.application";
		};
/* End PBXNativeTarget section */

/* Begin PBXProject section */
		CECCCE5423511051000D820F /* Project object */ = {
			isa = PBXProject;
			attributes = {
				LastSwiftUpdateCheck = 1110;
				LastUpgradeCheck = 1110;
				ORGANIZATIONNAME = "Ben Lewis";
				TargetAttributes = {
					CECCCE5B23511051000D820F = {
						CreatedOnToolsVersion = 11.1;
					};
				};
			};
			buildConfigurationList = CECCCE5723511051000D820F /* Build configuration list for PBXProject "Virtual Tourist" */;
			compatibilityVersion = "Xcode 9.3";
			developmentRegion = en;
			hasScannedForEncodings = 0;
			knownRegions = (
				en,
				Base,
			);
			mainGroup = CECCCE5323511051000D820F;
			packageReferences = (
				CE3E41D22354ED2500BEB394 /* XCRemoteSwiftPackageReference "Kingfisher" */,
			);
			productRefGroup = CECCCE5D23511051000D820F /* Products */;
			projectDirPath = "";
			projectRoot = "";
			targets = (
				CECCCE5B23511051000D820F /* Virtual Tourist */,
			);
		};
/* End PBXProject section */

/* Begin PBXResourcesBuildPhase section */
		CECCCE5A23511051000D820F /* Resources */ = {
			isa = PBXResourcesBuildPhase;
			buildActionMask = 2147483647;
			files = (
				CECCCE6F23511053000D820F /* LaunchScreen.storyboard in Resources */,
				CECCCE6C23511053000D820F /* Assets.xcassets in Resources */,
				CECCCE6723511051000D820F /* Main.storyboard in Resources */,
			);
			runOnlyForDeploymentPostprocessing = 0;
		};
/* End PBXResourcesBuildPhase section */

/* Begin PBXSourcesBuildPhase section */
		CECCCE5823511051000D820F /* Sources */ = {
			isa = PBXSourcesBuildPhase;
			buildActionMask = 2147483647;
			files = (
				CE3E41C82354D9D000BEB394 /* VTPhotoViewController.swift in Sources */,
				CECCCE6A23511051000D820F /* Virtual_Tourist.xcdatamodeld in Sources */,
				CE3E41CD2354DEFB00BEB394 /* VTClient.swift in Sources */,
				CE550F6B2354BD9C0083E575 /* DataController.swift in Sources */,
				CE3E41CF2354DFD500BEB394 /* VTResult.swift in Sources */,
				CE550F6923511F1C0083E575 /* Secrets.swift in Sources */,
				CECCCE6423511051000D820F /* VTMapViewController.swift in Sources */,
				CE3E41D12354E11300BEB394 /* PhotosResponse.swift in Sources */,
				CECCCE6023511051000D820F /* AppDelegate.swift in Sources */,
				CE3E41D82354F74600BEB394 /* PhotoCollectionViewCell.swift in Sources */,
				CECCCE6223511051000D820F /* SceneDelegate.swift in Sources */,
			);
			runOnlyForDeploymentPostprocessing = 0;
		};
/* End PBXSourcesBuildPhase section */

/* Begin PBXVariantGroup section */
		CECCCE6523511051000D820F /* Main.storyboard */ = {
			isa = PBXVariantGroup;
			children = (
				CECCCE6623511051000D820F /* Base */,
			);
			name = Main.storyboard;
			sourceTree = "<group>";
		};
		CECCCE6D23511053000D820F /* LaunchScreen.storyboard */ = {
			isa = PBXVariantGroup;
			children = (
				CECCCE6E23511053000D820F /* Base */,
			);
			name = LaunchScreen.storyboard;
			sourceTree = "<group>";
		};
/* End PBXVariantGroup section */

/* Begin XCBuildConfiguration section */
		CECCCE7123511053000D820F /* Debug */ = {
			isa = XCBuildConfiguration;
			buildSettings = {
				ALWAYS_SEARCH_USER_PATHS = NO;
				CLANG_ANALYZER_NONNULL = YES;
				CLANG_ANALYZER_NUMBER_OBJECT_CONVERSION = YES_AGGRESSIVE;
				CLANG_CXX_LANGUAGE_STANDARD = "gnu++14";
				CLANG_CXX_LIBRARY = "libc++";
				CLANG_ENABLE_MODULES = YES;
				CLANG_ENABLE_OBJC_ARC = YES;
				CLANG_ENABLE_OBJC_WEAK = YES;
				CLANG_WARN_BLOCK_CAPTURE_AUTORELEASING = YES;
				CLANG_WARN_BOOL_CONVERSION = YES;
				CLANG_WARN_COMMA = YES;
				CLANG_WARN_CONSTANT_CONVERSION = YES;
				CLANG_WARN_DEPRECATED_OBJC_IMPLEMENTATIONS = YES;
				CLANG_WARN_DIRECT_OBJC_ISA_USAGE = YES_ERROR;
				CLANG_WARN_DOCUMENTATION_COMMENTS = YES;
				CLANG_WARN_EMPTY_BODY = YES;
				CLANG_WARN_ENUM_CONVERSION = YES;
				CLANG_WARN_INFINITE_RECURSION = YES;
				CLANG_WARN_INT_CONVERSION = YES;
				CLANG_WARN_NON_LITERAL_NULL_CONVERSION = YES;
				CLANG_WARN_OBJC_IMPLICIT_RETAIN_SELF = YES;
				CLANG_WARN_OBJC_LITERAL_CONVERSION = YES;
				CLANG_WARN_OBJC_ROOT_CLASS = YES_ERROR;
				CLANG_WARN_RANGE_LOOP_ANALYSIS = YES;
				CLANG_WARN_STRICT_PROTOTYPES = YES;
				CLANG_WARN_SUSPICIOUS_MOVE = YES;
				CLANG_WARN_UNGUARDED_AVAILABILITY = YES_AGGRESSIVE;
				CLANG_WARN_UNREACHABLE_CODE = YES;
				CLANG_WARN__DUPLICATE_METHOD_MATCH = YES;
				COPY_PHASE_STRIP = NO;
				DEBUG_INFORMATION_FORMAT = dwarf;
				ENABLE_STRICT_OBJC_MSGSEND = YES;
				ENABLE_TESTABILITY = YES;
				GCC_C_LANGUAGE_STANDARD = gnu11;
				GCC_DYNAMIC_NO_PIC = NO;
				GCC_NO_COMMON_BLOCKS = YES;
				GCC_OPTIMIZATION_LEVEL = 0;
				GCC_PREPROCESSOR_DEFINITIONS = (
					"DEBUG=1",
					"$(inherited)",
				);
				GCC_WARN_64_TO_32_BIT_CONVERSION = YES;
				GCC_WARN_ABOUT_RETURN_TYPE = YES_ERROR;
				GCC_WARN_UNDECLARED_SELECTOR = YES;
				GCC_WARN_UNINITIALIZED_AUTOS = YES_AGGRESSIVE;
				GCC_WARN_UNUSED_FUNCTION = YES;
				GCC_WARN_UNUSED_VARIABLE = YES;
				IPHONEOS_DEPLOYMENT_TARGET = 13.1;
				MTL_ENABLE_DEBUG_INFO = INCLUDE_SOURCE;
				MTL_FAST_MATH = YES;
				ONLY_ACTIVE_ARCH = YES;
				SDKROOT = iphoneos;
				SWIFT_ACTIVE_COMPILATION_CONDITIONS = DEBUG;
				SWIFT_OPTIMIZATION_LEVEL = "-Onone";
			};
			name = Debug;
		};
		CECCCE7223511053000D820F /* Release */ = {
			isa = XCBuildConfiguration;
			buildSettings = {
				ALWAYS_SEARCH_USER_PATHS = NO;
				CLANG_ANALYZER_NONNULL = YES;
				CLANG_ANALYZER_NUMBER_OBJECT_CONVERSION = YES_AGGRESSIVE;
				CLANG_CXX_LANGUAGE_STANDARD = "gnu++14";
				CLANG_CXX_LIBRARY = "libc++";
				CLANG_ENABLE_MODULES = YES;
				CLANG_ENABLE_OBJC_ARC = YES;
				CLANG_ENABLE_OBJC_WEAK = YES;
				CLANG_WARN_BLOCK_CAPTURE_AUTORELEASING = YES;
				CLANG_WARN_BOOL_CONVERSION = YES;
				CLANG_WARN_COMMA = YES;
				CLANG_WARN_CONSTANT_CONVERSION = YES;
				CLANG_WARN_DEPRECATED_OBJC_IMPLEMENTATIONS = YES;
				CLANG_WARN_DIRECT_OBJC_ISA_USAGE = YES_ERROR;
				CLANG_WARN_DOCUMENTATION_COMMENTS = YES;
				CLANG_WARN_EMPTY_BODY = YES;
				CLANG_WARN_ENUM_CONVERSION = YES;
				CLANG_WARN_INFINITE_RECURSION = YES;
				CLANG_WARN_INT_CONVERSION = YES;
				CLANG_WARN_NON_LITERAL_NULL_CONVERSION = YES;
				CLANG_WARN_OBJC_IMPLICIT_RETAIN_SELF = YES;
				CLANG_WARN_OBJC_LITERAL_CONVERSION = YES;
				CLANG_WARN_OBJC_ROOT_CLASS = YES_ERROR;
				CLANG_WARN_RANGE_LOOP_ANALYSIS = YES;
				CLANG_WARN_STRICT_PROTOTYPES = YES;
				CLANG_WARN_SUSPICIOUS_MOVE = YES;
				CLANG_WARN_UNGUARDED_AVAILABILITY = YES_AGGRESSIVE;
				CLANG_WARN_UNREACHABLE_CODE = YES;
				CLANG_WARN__DUPLICATE_METHOD_MATCH = YES;
				COPY_PHASE_STRIP = NO;
				DEBUG_INFORMATION_FORMAT = "dwarf-with-dsym";
				ENABLE_NS_ASSERTIONS = NO;
				ENABLE_STRICT_OBJC_MSGSEND = YES;
				GCC_C_LANGUAGE_STANDARD = gnu11;
				GCC_NO_COMMON_BLOCKS = YES;
				GCC_WARN_64_TO_32_BIT_CONVERSION = YES;
				GCC_WARN_ABOUT_RETURN_TYPE = YES_ERROR;
				GCC_WARN_UNDECLARED_SELECTOR = YES;
				GCC_WARN_UNINITIALIZED_AUTOS = YES_AGGRESSIVE;
				GCC_WARN_UNUSED_FUNCTION = YES;
				GCC_WARN_UNUSED_VARIABLE = YES;
				IPHONEOS_DEPLOYMENT_TARGET = 13.1;
				MTL_ENABLE_DEBUG_INFO = NO;
				MTL_FAST_MATH = YES;
				SDKROOT = iphoneos;
				SWIFT_COMPILATION_MODE = wholemodule;
				SWIFT_OPTIMIZATION_LEVEL = "-O";
				VALIDATE_PRODUCT = YES;
			};
			name = Release;
		};
		CECCCE7423511053000D820F /* Debug */ = {
			isa = XCBuildConfiguration;
			buildSettings = {
				ASSETCATALOG_COMPILER_APPICON_NAME = AppIcon;
				CODE_SIGN_STYLE = Automatic;
				DEVELOPMENT_TEAM = PZ2KX24FW6;
				INFOPLIST_FILE = "Virtual Tourist/Info.plist";
				LD_RUNPATH_SEARCH_PATHS = (
					"$(inherited)",
					"@executable_path/Frameworks",
				);
				PRODUCT_BUNDLE_IDENTIFIER = "com.ben.Virtual-Tourist";
				PRODUCT_NAME = "$(TARGET_NAME)";
				SWIFT_VERSION = 5.0;
				TARGETED_DEVICE_FAMILY = "1,2";
			};
			name = Debug;
		};
		CECCCE7523511053000D820F /* Release */ = {
			isa = XCBuildConfiguration;
			buildSettings = {
				ASSETCATALOG_COMPILER_APPICON_NAME = AppIcon;
				CODE_SIGN_STYLE = Automatic;
				DEVELOPMENT_TEAM = PZ2KX24FW6;
				INFOPLIST_FILE = "Virtual Tourist/Info.plist";
				LD_RUNPATH_SEARCH_PATHS = (
					"$(inherited)",
					"@executable_path/Frameworks",
				);
				PRODUCT_BUNDLE_IDENTIFIER = "com.ben.Virtual-Tourist";
				PRODUCT_NAME = "$(TARGET_NAME)";
				SWIFT_VERSION = 5.0;
				TARGETED_DEVICE_FAMILY = "1,2";
			};
			name = Release;
		};
/* End XCBuildConfiguration section */

/* Begin XCConfigurationList section */
		CECCCE5723511051000D820F /* Build configuration list for PBXProject "Virtual Tourist" */ = {
			isa = XCConfigurationList;
			buildConfigurations = (
				CECCCE7123511053000D820F /* Debug */,
				CECCCE7223511053000D820F /* Release */,
			);
			defaultConfigurationIsVisible = 0;
			defaultConfigurationName = Release;
		};
		CECCCE7323511053000D820F /* Build configuration list for PBXNativeTarget "Virtual Tourist" */ = {
			isa = XCConfigurationList;
			buildConfigurations = (
				CECCCE7423511053000D820F /* Debug */,
				CECCCE7523511053000D820F /* Release */,
			);
			defaultConfigurationIsVisible = 0;
			defaultConfigurationName = Release;
		};
/* End XCConfigurationList section */

/* Begin XCRemoteSwiftPackageReference section */
		CE3E41D22354ED2500BEB394 /* XCRemoteSwiftPackageReference "Kingfisher" */ = {
			isa = XCRemoteSwiftPackageReference;
			repositoryURL = "https://github.com/onevcat/Kingfisher.git";
			requirement = {
				kind = upToNextMajorVersion;
				minimumVersion = 5.8.0;
			};
		};
/* End XCRemoteSwiftPackageReference section */

/* Begin XCSwiftPackageProductDependency section */
		CE3E41D32354ED2500BEB394 /* Kingfisher */ = {
			isa = XCSwiftPackageProductDependency;
			package = CE3E41D22354ED2500BEB394 /* XCRemoteSwiftPackageReference "Kingfisher" */;
			productName = Kingfisher;
		};
/* End XCSwiftPackageProductDependency section */

/* Begin XCVersionGroup section */
		CECCCE6823511051000D820F /* Virtual_Tourist.xcdatamodeld */ = {
			isa = XCVersionGroup;
			children = (
				CECCCE6923511051000D820F /* Virtual_Tourist.xcdatamodel */,
			);
			currentVersion = CECCCE6923511051000D820F /* Virtual_Tourist.xcdatamodel */;
			path = Virtual_Tourist.xcdatamodeld;
			sourceTree = "<group>";
			versionGroupType = wrapper.xcdatamodel;
		};
/* End XCVersionGroup section */
	};
	rootObject = CECCCE5423511051000D820F /* Project object */;
}
